
Microsoft Visual Studio Solution File, Format Version 12.00
# Visual Studio Version 16
VisualStudioVersion = 16.0.30114.105
MinimumVisualStudioVersion = 10.0.40219.1
Project("{FAE04EC0-301F-11D3-BF4B-00C04F79EFBC}") = "EasyDump", "EasyDump\EasyDump.csproj", "{3EE4A526-446E-4E3D-A6E4-198C76E0C4CD}"
EndProject
Global
	GlobalSection(SolutionConfigurationPlatforms) = preSolution
		Debug|Any CPU = Debug|Any CPU
		Release|Any CPU = Release|Any CPU
	EndGlobalSection
	GlobalSection(ProjectConfigurationPlatforms) = postSolution
		{3EE4A526-446E-4E3D-A6E4-198C76E0C4CD}.Debug|Any CPU.ActiveCfg = Debug|Any CPU
		{3EE4A526-446E-4E3D-A6E4-198C76E0C4CD}.Debug|Any CPU.Build.0 = Debug|Any CPU
		{3EE4A526-446E-4E3D-A6E4-198C76E0C4CD}.Release|Any CPU.ActiveCfg = Release|Any CPU
		{3EE4A526-446E-4E3D-A6E4-198C76E0C4CD}.Release|Any CPU.Build.0 = Release|Any CPU
	EndGlobalSection
	GlobalSection(SolutionProperties) = preSolution
		HideSolutionNode = FALSE
	EndGlobalSection
	GlobalSection(ExtensibilityGlobals) = postSolution
		SolutionGuid = {9F521758-EAD5-4FEF-9633-A61FA51E00F9}
	EndGlobalSection
EndGlobal
